github.com/Zyko0/go-sdl3 v0.0.0-20260103170418-2c8fa8858e32 h1:l873XtzFMgrE5XqxIJcFawrLwnqAnu8NCSIAdmefL1E=
github.com/Zyko0/go-sdl3 v0.0.0-20260103170418-2c8fa8858e32/go.mod h1:mJcKev/gsLraiuXsB/EPyh4hdYnsUHyNU5CXch3cv0A=
github.com/Zyko0/purego-gen v0.0.0-20250727121216-3bcd331a1e0c h1:3z1BdpfvUbaP7oXjPabl7STN7zz88S432hZJ8M095kI=
github.com/Zyko0/purego-gen v0.0.0-20250727121216-3bcd331a1e0c/go.mod h1:xpUxPkAb7v0Ffn/NGp1XpD+tZly4dpSPI7DTAFT37es=
github.com/davecgh/go-spew v1.1.1 h1:vj9j/u1bqnvCEfJOwUhtlOARqs3+rkHYY13jYWTU97c=
github.com/davecgh/go-spew v1.1.1/go.mod h1:J7Y8YcW2NihsgmVo/mv3lAwl/skON4iLHjSsI+c5H38=
github.com/ebitengine/purego v0.9.0-alpha.2.0.20250124174847-29f0104e3c2b h1:/KAOJuXR4cWaQIiA9xBMDSQJ1JXq5gZHdSK8prrtUqQ=
github.com/ebitengine/purego v0.9.0-alpha.2.0.20250124174847-29f0104e3c2b/go.mod h1:iIjxzd6CiRiOG0UyXP+V1+jWqUXVjPKLAI0mRfJZTmQ=
github.com/pmezard/go-difflib v1.0.0 h1:4DBwDE0NGyQoBHbLQYPwSUPoCMWR5BEzIk/f1lZbAQM=
github.com/pmezard/go-difflib v1.0.0/go.mod h1:iKH77koFhYxTK1pcRnkKkqfTogsbg7gZNVY4sRDYZ/4=
github.com/rotisserie/eris v0.5.4 h1:Il6IvLdAapsMhvuOahHWiBnl1G++Q0/L5UIkI5mARSk=
github.com/rotisserie/eris v0.5.4/go.mod h1:Z/kgYTJiJtocxCbFfvRmO+QejApzG6zpyky9G1A4g9s=
github.com/stretchr/testify v1.8.1 h1:w7B6lhMri9wdJUVmEZPGGhZzrYTPvgJArz7wNPgYKsk=
github.com/stretchr/testify v1.8.1/go.mod h1:w2LPCIKwWwSfY2zedu0+kehJoqGctiVI29o6fzry7u4=
go.uber.org/goleak v1.3.0 h1:2K3zAYmnTNqV73imy9J1T3WC+gmCePx2hEGkimedGto=
go.uber.org/goleak v1.3.0/go.mod h1:CoHD4mav9JJNrW/WLlf7HGZPjdw8EucARQHekz1X6bE=
go.uber.org/multierr v1.10.0 h1:S0h4aNzvfcFsC3dRF1jLoaov7oRaKqRGC/pUEJ2yvPQ=
go.uber.org/multierr v1.10.0/go.mod h1:20+QtiLqy0Nd6FdQB9TLXag12DsQkrbs3htMFfDN80Y=
go.uber.org/zap v1.27.1 h1:08RqriUEv8+ArZRYSTXy1LeBScaMpVSTBhCeaZYfMYc=
go.uber.org/zap v1.27.1/go.mod h1:GB2qFLM7cTU87MWRP2mPIjqfIDnGu+VIO4V/SdhGo2E=
golang.org/x/sys v0.7.0 h1:3jlCCIQZPdOYu1h8BkNvLz8Kgwtae2cagcG/VamtZRU=
golang.org/x/sys v0.7.0/go.mod h1:oPkhp1MJrh7nUepCBck5+mAzfO9JrbApNNgaTdGDITg=
gopkg.in/yaml.v3 v3.0.1 h1:fxVm/GzAzEWqLHuvctI91KS9hhNmmWOoWu0XTYJS7CA=
gopkg.in/yaml.v3 v3.0.1/go.mod h1:K4uyk7z7BCEPqu6E+C64Yfv1cQ7kz7rIZviUmN+EgEM=
